
Microsoft Visual Studio Solution File, Format Version 12.00
# Visual Studio 15
VisualStudioVersion = 15.0.28307.757
MinimumVisualStudioVersion = 10.0.40219.1
Project("{FAE04EC0-301F-11D3-BF4B-00C04F79EFBC}") = "HttpWebServer", "HttpWebServer\HttpWebServer.csproj", "{0F39505B-1309-4E8F-AFF2-9DA687CEF56F}"
EndProject
Global
	GlobalSection(SolutionConfigurationPlatforms) = preSolution
		Debug|Any CPU = Debug|Any CPU
		Release|Any CPU = Release|Any CPU
	EndGlobalSection
	GlobalSection(ProjectConfigurationPlatforms) = postSolution
		{0F39505B-1309-4E8F-AFF2-9DA687CEF56F}.Debug|Any CPU.ActiveCfg = Debug|Any CPU
		{0F39505B-1309-4E8F-AFF2-9DA687CEF56F}.Debug|Any CPU.Build.0 = Debug|Any CPU
		{0F39505B-1309-4E8F-AFF2-9DA687CEF56F}.Release|Any CPU.ActiveCfg = Release|Any CPU
		{0F39505B-1309-4E8F-AFF2-9DA687CEF56F}.Release|Any CPU.Build.0 = Release|Any CPU
	EndGlobalSection
	GlobalSection(SolutionProperties) = preSolution
		HideSolutionNode = FALSE
	EndGlobalSection
	GlobalSection(ExtensibilityGlobals) = postSolution
		SolutionGuid = {AEAF436F-780F-4FBA-9F38-6B7DB3E1E288}
	EndGlobalSection
EndGlobal
